payload:
  # LDPlayer & tracking
  - DOMAIN,hmma.baidu.com
  - DOMAIN,api.mumuglobal.com
  - DOMAIN,ad.ldplayer.net
  - DOMAIN,apiid.ldmnq.com
  - DOMAIN,apien.ldmnq.com
  - DOMAIN,ldcdn.ldmnq.com
  - DOMAIN,en.ldplayer.net
  - DOMAIN,encdn.ldmnq.com
  - DOMAIN,api.ld-space.com
  - DOMAIN,openrcv.baidu.com
  - DOMAIN,storeen.ldmnq.com
  - DOMAIN,usersdk.ldmnq.com
  - DOMAIN,appstore.ldmnq.com
  - DOMAIN,encdn.ldplayer.com
  - DOMAIN,adabdapi.ldmnq.com
  - DOMAIN,graph.facebook.com
  - DOMAIN,android.bugly.qq.com
  - DOMAIN,middledata.ldmnq.com
  - DOMAIN,advertise.ldplayer.net
  - DOMAIN,middledata.ldplayer.net
  #- IP-CIDR,202.158.60.224/24
  #- DOMAIN-SUFFIX,report-api.mumuplayer.com
  #- DOMAIN-SUFFIX,update.3j2y.com
  #- DOMAIN-SUFFIX,i.topbos.com
  #- DOMAIN-SUFFIX,update.topbos.com

  # Analytics & Tracking
  - DOMAIN-SUFFIX,adfstat.yandex.ru
  - DOMAIN-SUFFIX,adfox.yandex.ru
  - DOMAIN-SUFFIX,ads.youtube.com
  - DOMAIN-SUFFIX,ads-api.tiktok.com
  - DOMAIN-SUFFIX,ads-sg.tiktok.com
  - DOMAIN-SUFFIX,api-adservices.apple.com
  - DOMAIN-SUFFIX,api.bugsnag.com
  - DOMAIN-SUFFIX,app.bugsnag.com
  - DOMAIN-SUFFIX,app.getsentry.com
  - DOMAIN-SUFFIX,appmetrica.yandex.ru
  - DOMAIN-SUFFIX,books-analytics-events.apple.com
  - DOMAIN-SUFFIX,browser.sentry-cdn.com
  - DOMAIN-SUFFIX,business-api.tiktok.com
  - DOMAIN-SUFFIX,claritybt.freshmarketer.com
  - DOMAIN-SUFFIX,cs.luckyorange.net
  - DOMAIN-SUFFIX,data.mistat.india.xiaomi.com
  - DOMAIN-SUFFIX,data.mistat.rus.xiaomi.com
  - DOMAIN-SUFFIX,data.mistat.xiaomi.com
  - DOMAIN-SUFFIX,events.reddit.com
  - DOMAIN-SUFFIX,freshmarketer.com
  - DOMAIN-SUFFIX,fwtracks.freshmarketer.com
  - DOMAIN-SUFFIX,geo.yahoo.com
  - DOMAIN-SUFFIX,grs.hicloud.com
  - DOMAIN-SUFFIX,iadsdk.apple.com
  - DOMAIN-SUFFIX,log.byteoversea.com
  - DOMAIN-SUFFIX,logbak.hicloud.com
  - DOMAIN-SUFFIX,logservice.hicloud.com
  - DOMAIN-SUFFIX,metrika.yandex.ru
  - DOMAIN-SUFFIX,notes-analytics-events.apple.com
  - DOMAIN-SUFFIX,notify.bugsnag.com
  - DOMAIN-SUFFIX,sessions.bugsnag.com
  - DOMAIN-SUFFIX,settings.luckyorange.net
  - DOMAIN-SUFFIX,upload.luckyorange.net
  - DOMAIN-SUFFIX,weather-analytics-events.apple.com
  # CDN tracking
  - DOMAIN,dldgmpfyeblzc.cloudfront.net
  - DOMAIN,dn2sifz9m7tkk.cloudfront.net
  - DOMAIN,de2pmm85odupd.cloudfront.net
  - DOMAIN,dkf29paj6y8sk.cloudfront.net
  - DOMAIN,d19przo9d3f9zk.cloudfront.net
  - DOMAIN,d330if318qxsm2.cloudfront.net
  - DOMAIN,d3p6x1jquzbe0c.cloudfront.net
  # Misc
  - DOMAIN,encdn.ldmnq.com.w.alikunlun.com
  - DOMAIN,ins-o9iydzqn.ias.tencent-cloud.net
  - DOMAIN,lden.oss-ap-southeast-1.aliyuncs.com
  - DOMAIN,netease-publish-gdlgphs.w.alikunlun.com
  - DOMAIN,advertise.ldplayer.net.a.lahuashanbx.com

  # Ads
  - DOMAIN-SUFFIX,ads.microsoft.com
  - DOMAIN-SUFFIX,ads.pubmatic.com
  - DOMAIN-SUFFIX,ads.x.com
  - DOMAIN-SUFFIX,ads-api.x.com
  - DOMAIN-SUFFIX,ads.huawei.com
  - DOMAIN-SUFFIX,ads.roku.com
  - DOMAIN-SUFFIX,advertising.apple.com
  - DOMAIN-SUFFIX,api.fyber.com
  - DOMAIN-SUFFIX,api.impact.com
  - DOMAIN-SUFFIX,api.partnerstack.com
  - DOMAIN-SUFFIX,api.refersion.com
  - DOMAIN-SUFFIX,api.taboola.com
  - DOMAIN-SUFFIX,applovin.com
  - DOMAIN-SUFFIX,bat.bing.com
  - DOMAIN-SUFFIX,c.bing.com
  - DOMAIN-SUFFIX,cdn.taboola.com
  - DOMAIN-SUFFIX,d.applovin.com
  - DOMAIN-SUFFIX,d.impactradius-event.com
  - DOMAIN-SUFFIX,hbopenbid.pubmatic.com
  - DOMAIN-SUFFIX,image6.pubmatic.com
  - DOMAIN-SUFFIX,images.taboola.com
  - DOMAIN-SUFFIX,impact.com
  - DOMAIN-SUFFIX,init.supersonicads.com
  - DOMAIN-SUFFIX,inmobi.com
  - DOMAIN-SUFFIX,ironsource.mobi
  - DOMAIN-SUFFIX,is.com
  - DOMAIN-SUFFIX,liftoff.io
  - DOMAIN-SUFFIX,mads-eu.amazon.com
  - DOMAIN-SUFFIX,mc.yandex.ru
  - DOMAIN-SUFFIX,ms.applovin.com
  - DOMAIN-SUFFIX,nr.taboola.com
  - DOMAIN-SUFFIX,openx.net
  - DOMAIN-SUFFIX,outcome-ssp.supersonicads.com
  - DOMAIN-SUFFIX,pangleglobal.com
  - DOMAIN-SUFFIX,pubmatic.com
  - DOMAIN-SUFFIX,redirector.googlevideo.com
  - DOMAIN-SUFFIX,rt.applovin.com
  - DOMAIN-SUFFIX,rtb.openx.net
  - DOMAIN-SUFFIX,s.youtube.com
  - DOMAIN-SUFFIX,simage2.pubmatic.com
  - DOMAIN-SUFFIX,taboola.com
  - DOMAIN-SUFFIX,t.skimresources.com
  - DOMAIN-SUFFIX,trc.taboola.com
  - DOMAIN-SUFFIX,u.openx.net
  - DOMAIN-SUFFIX,udc.yahoo.com
  - DOMAIN-SUFFIX,udcm.yahoo.com
  - DOMAIN-SUFFIX,us-ads.openx.net
  - DOMAIN-SUFFIX,youtubei.googleapis.com
  - DOMAIN-SUFFIX,zenaps.com

  # Analytics
  - DOMAIN-SUFFIX,api.amplitude.com
  - DOMAIN-SUFFIX,api.segment.io
  - DOMAIN-SUFFIX,api2.amplitude.com
  - DOMAIN-SUFFIX,app.posthog.com
  - DOMAIN-SUFFIX,c.clarity.ms
  - DOMAIN-SUFFIX,cdn.rudderlabs.com
  - DOMAIN-SUFFIX,cdn.segment.com
  - DOMAIN-SUFFIX,eu.posthog.com
  - DOMAIN-SUFFIX,posthog.com
  - DOMAIN-SUFFIX,s.clarity.ms
  - DOMAIN-SUFFIX,us.i.posthog.com

  # Tracking & Fingerprinting
  - DOMAIN-SUFFIX,api.onesignal.com
  - DOMAIN-SUFFIX,app.adjust.com
  - DOMAIN-SUFFIX,app.appsflyer.com
  - DOMAIN-SUFFIX,appsflyer.com
  - DOMAIN-SUFFIX,bnc.lt
  - DOMAIN-SUFFIX,browser.events.data.msn.com
  - DOMAIN-SUFFIX,cdn.lr-ingest.com
  - DOMAIN-SUFFIX,cdn.siftscience.com
  - DOMAIN-SUFFIX,clevertap-prod.com
  - DOMAIN-SUFFIX,clientstream.launchdarkly.com
  - DOMAIN-SUFFIX,d.reddit.com
  - DOMAIN-SUFFIX,edge.fullstory.com
  - DOMAIN-SUFFIX,events.launchdarkly.com
  - DOMAIN-SUFFIX,events.reddit.com
  - DOMAIN-SUFFIX,graph.facebook.com
  - DOMAIN-SUFFIX,i.instagram.com
  - DOMAIN-SUFFIX,js-agent.newrelic.com
  - DOMAIN-SUFFIX,o0.ingest.sentry.io
  - DOMAIN-SUFFIX,prod.uidapi.com
  - DOMAIN-SUFFIX,px.srvcs.tumblr.com
  - DOMAIN-SUFFIX,qevents.quora.com
  - DOMAIN-SUFFIX,r.lr-ingest.com
  - DOMAIN-SUFFIX,siftscience.com
  - DOMAIN-SUFFIX,sync.mathtag.com
  - DOMAIN-SUFFIX,tagmanager.google.com
  - DOMAIN-SUFFIX,thetradedesk.com
  - DOMAIN-SUFFIX,tr.facebook.com
  - DOMAIN-SUFFIX,connect.facebook.net
  - DOMAIN-SUFFIX,ads.vk.com
  - DOMAIN-SUFFIX,vk.com

  # Cryptominers & Malware
  - DOMAIN-SUFFIX,2giga.link
  - DOMAIN-SUFFIX,greatis.com

  # OEM Vendors
  - DOMAIN-SUFFIX,ads.huawei.com
  - DOMAIN-SUFFIX,firebase-settings.crashlytics.com
  - DOMAIN-SUFFIX,logservice1.hicloud.com
  - DOMAIN-SUFFIX,mads-eu.amazon.com
  - DOMAIN-SUFFIX,ngfts.lge.com
  - DOMAIN-SUFFIX,vortex.data.microsoft.com
  - DOMAIN-SUFFIX,xp.apple.com

  # Consent Management
  - DOMAIN-SUFFIX,app.usercentrics.eu
  - DOMAIN-SUFFIX,cdn.cookielaw.org
  - DOMAIN-SUFFIX,cdn.privacy-mgmt.com
  - DOMAIN-SUFFIX,cmp.osano.com
  - DOMAIN-SUFFIX,consent.cookiebot.com
  - DOMAIN-SUFFIX,consent.trustarc.com
  - DOMAIN-SUFFIX,consentcdn.cookiebot.com
  - DOMAIN-SUFFIX,cookiebot.com
  - DOMAIN-SUFFIX,fundingchoicesmessages.google.com
  - DOMAIN-SUFFIX,geolocation.onetrust.com
  - DOMAIN-SUFFIX,privacyportal.onetrust.com
  - DOMAIN-SUFFIX,sdk.privacy-center.org

  # Affiliate Networks
  - DOMAIN-SUFFIX,api.impact.com
  - DOMAIN-SUFFIX,api.partnerstack.com
  - DOMAIN-SUFFIX,api.refersion.com
  - DOMAIN-SUFFIX,d.impactradius-event.com
  - DOMAIN-SUFFIX,impact.com
  - DOMAIN-SUFFIX,partnerstack.com
  - DOMAIN-SUFFIX,refersion.com
  - DOMAIN-SUFFIX,t.skimresources.com
  - DOMAIN-SUFFIX,www.tkqlhce.com
  - DOMAIN-SUFFIX,zenaps.com

  # Email & Live Chat Trackers
  - DOMAIN-SUFFIX,click.mailchimp.com
  - DOMAIN-SUFFIX,js.driftt.com
  - DOMAIN-SUFFIX,klaviyo.com
  - DOMAIN-SUFFIX,munchkin.marketo.net
  - DOMAIN-SUFFIX,track.customer.io
  - DOMAIN-SUFFIX,widget.intercom.io

  # Video Ads
  - DOMAIN-SUFFIX,dai.google.com
  - DOMAIN-SUFFIX,imasdk.googleapis.com
  - DOMAIN-SUFFIX,ssl.p.jwpcdn.com

  # Social Trackers
  - DOMAIN-SUFFIX,ads-api.x.com
  - DOMAIN-SUFFIX,ads.vk.com
  - DOMAIN-SUFFIX,ads.x.com
  - DOMAIN-SUFFIX,connect.facebook.net
  - DOMAIN-SUFFIX,d.reddit.com
  - DOMAIN-SUFFIX,events.reddit.com
  - DOMAIN-SUFFIX,graph.facebook.com
  - DOMAIN-SUFFIX,graph.instagram.com
  - DOMAIN-SUFFIX,i.instagram.com
  - DOMAIN-SUFFIX,px.srvcs.tumblr.com
  - DOMAIN-SUFFIX,tr.facebook.com
  - DOMAIN-SUFFIX,vk.com
  - DOMAIN-SUFFIX,widgets.pinterest.com

  # IP block
  - IP-CIDR,34.149.50.148/32
  - IP-CIDR,3.165.84.69/32
  - IP-CIDR,104.18.51.234/32